
Microsoft Visual Studio Solution File, Format Version 12.00
# Visual Studio Version 17
VisualStudioVersion = 17.1.32228.430
MinimumVisualStudioVersion = 10.0.40219.1
Project("{FAE04EC0-301F-11D3-BF4B-00C04F79EFBC}") = "Prova Djalma 1", "Prova Djalma 1\Prova Djalma 1.csproj", "{D049D680-918B-4E5B-A393-122D87302DF9}"
EndProject
Global
	GlobalSection(SolutionConfigurationPlatforms) = preSolution
		Debug|Any CPU = Debug|Any CPU
		Release|Any CPU = Release|Any CPU
	EndGlobalSection
	GlobalSection(ProjectConfigurationPlatforms) = postSolution
		{D049D680-918B-4E5B-A393-122D87302DF9}.Debug|Any CPU.ActiveCfg = Debug|Any CPU
		{D049D680-918B-4E5B-A393-122D87302DF9}.Debug|Any CPU.Build.0 = Debug|Any CPU
		{D049D680-918B-4E5B-A393-122D87302DF9}.Release|Any CPU.ActiveCfg = Release|Any CPU
		{D049D680-918B-4E5B-A393-122D87302DF9}.Release|Any CPU.Build.0 = Release|Any CPU
	EndGlobalSection
	GlobalSection(SolutionProperties) = preSolution
		HideSolutionNode = FALSE
	EndGlobalSection
	GlobalSection(ExtensibilityGlobals) = postSolution
		SolutionGuid = {9647AF14-2A7F-44F7-B358-3D67E0EB086D}
	EndGlobalSection
EndGlobal
